
Microsoft Visual Studio Solution File, Format Version 12.00
# Visual Studio Version 16
VisualStudioVersion = 16.0.808.1
MinimumVisualStudioVersion = 10.0.40219.1
Project("{FAE04EC0-301F-11D3-BF4B-00C04F79EFBC}") = "Stack", "Stack\Stack.csproj", "{8B9F9F16-CAEE-4780-A043-34B54D4C2CDA}"
EndProject
Global
	GlobalSection(SolutionConfigurationPlatforms) = preSolution
		Debug|Any CPU = Debug|Any CPU
		Release|Any CPU = Release|Any CPU
	EndGlobalSection
	GlobalSection(ProjectConfigurationPlatforms) = postSolution
		{8B9F9F16-CAEE-4780-A043-34B54D4C2CDA}.Debug|Any CPU.ActiveCfg = Debug|Any CPU
		{8B9F9F16-CAEE-4780-A043-34B54D4C2CDA}.Debug|Any CPU.Build.0 = Debug|Any CPU
		{8B9F9F16-CAEE-4780-A043-34B54D4C2CDA}.Release|Any CPU.ActiveCfg = Release|Any CPU
		{8B9F9F16-CAEE-4780-A043-34B54D4C2CDA}.Release|Any CPU.Build.0 = Release|Any CPU
	EndGlobalSection
	GlobalSection(SolutionProperties) = preSolution
		HideSolutionNode = FALSE
	EndGlobalSection
	GlobalSection(ExtensibilityGlobals) = postSolution
		SolutionGuid = {79798085-1952-47D1-868F-1C5A1C910A17}
	EndGlobalSection
EndGlobal
